
Microsoft Visual Studio Solution File, Format Version 12.00
# Visual Studio 15
Project("{FAE04EC0-301F-11D3-BF4B-00C04F79EFBC}") = "Assembly-CSharp", "Assembly-CSharp.csproj", "{BD48134D-4BA7-F5E0-9AFE-C4A7692DFB37}"
EndProject
Project("{FAE04EC0-301F-11D3-BF4B-00C04F79EFBC}") = "Assembly-CSharp-Editor", "Assembly-CSharp-Editor.csproj", "{C5E375BB-7BD8-4EC6-06FF-31B5A1791C0A}"
EndProject
Global
	GlobalSection(SolutionConfigurationPlatforms) = preSolution
		Debug|Any CPU = Debug|Any CPU
		Release|Any CPU = Release|Any CPU
	EndGlobalSection
	GlobalSection(ProjectConfigurationPlatforms) = postSolution
		{BD48134D-4BA7-F5E0-9AFE-C4A7692DFB37}.Debug|Any CPU.ActiveCfg = Debug|Any CPU
		{BD48134D-4BA7-F5E0-9AFE-C4A7692DFB37}.Debug|Any CPU.Build.0 = Debug|Any CPU
		{BD48134D-4BA7-F5E0-9AFE-C4A7692DFB37}.Release|Any CPU.ActiveCfg = Release|Any CPU
		{BD48134D-4BA7-F5E0-9AFE-C4A7692DFB37}.Release|Any CPU.Build.0 = Release|Any CPU
		{C5E375BB-7BD8-4EC6-06FF-31B5A1791C0A}.Debug|Any CPU.ActiveCfg = Debug|Any CPU
		{C5E375BB-7BD8-4EC6-06FF-31B5A1791C0A}.Debug|Any CPU.Build.0 = Debug|Any CPU
		{C5E375BB-7BD8-4EC6-06FF-31B5A1791C0A}.Release|Any CPU.ActiveCfg = Release|Any CPU
		{C5E375BB-7BD8-4EC6-06FF-31B5A1791C0A}.Release|Any CPU.Build.0 = Release|Any CPU
	EndGlobalSection
	GlobalSection(SolutionProperties) = preSolution
		HideSolutionNode = FALSE
	EndGlobalSection
EndGlobal
